
Microsoft Visual Studio Solution File, Format Version 12.00
# Visual Studio Version 17
VisualStudioVersion = 17.8.34330.188
MinimumVisualStudioVersion = 10.0.40219.1
Project("{9A19103F-16F7-4668-BE54-9A1E7A4F7556}") = "mvc-beginner", "mvc-beginner.csproj", "{C44B1263-070A-48CE-9B08-F16E1C7D643E}"
EndProject
Project("{FAE04EC0-301F-11D3-BF4B-00C04F79EFBC}") = "razors-beginner", "..\razors-beginner\razors-beginner.csproj", "{78C9EF22-A09D-4444-B53C-A2E5E6B16A88}"
EndProject
Global
	GlobalSection(SolutionConfigurationPlatforms) = preSolution
		Debug|Any CPU = Debug|Any CPU
		Release|Any CPU = Release|Any CPU
	EndGlobalSection
	GlobalSection(ProjectConfigurationPlatforms) = postSolution
		{C44B1263-070A-48CE-9B08-F16E1C7D643E}.Debug|Any CPU.ActiveCfg = Debug|Any CPU
		{C44B1263-070A-48CE-9B08-F16E1C7D643E}.Debug|Any CPU.Build.0 = Debug|Any CPU
		{C44B1263-070A-48CE-9B08-F16E1C7D643E}.Release|Any CPU.ActiveCfg = Release|Any CPU
		{C44B1263-070A-48CE-9B08-F16E1C7D643E}.Release|Any CPU.Build.0 = Release|Any CPU
		{78C9EF22-A09D-4444-B53C-A2E5E6B16A88}.Debug|Any CPU.ActiveCfg = Debug|Any CPU
		{78C9EF22-A09D-4444-B53C-A2E5E6B16A88}.Debug|Any CPU.Build.0 = Debug|Any CPU
		{78C9EF22-A09D-4444-B53C-A2E5E6B16A88}.Release|Any CPU.ActiveCfg = Release|Any CPU
		{78C9EF22-A09D-4444-B53C-A2E5E6B16A88}.Release|Any CPU.Build.0 = Release|Any CPU
	EndGlobalSection
	GlobalSection(SolutionProperties) = preSolution
		HideSolutionNode = FALSE
	EndGlobalSection
	GlobalSection(ExtensibilityGlobals) = postSolution
		SolutionGuid = {E3C271A0-F8B9-4328-B3B9-8FBF0052AB0E}
	EndGlobalSection
EndGlobal
